
Microsoft Visual Studio Solution File, Format Version 12.00
# Visual Studio Express 2012 for Web
Project("{FAE04EC0-301F-11D3-BF4B-00C04F79EFBC}") = "TnuBaseApp", "TnuBaseApp\TnuBaseApp.csproj", "{95BBF098-A4DC-46B0-A8C3-01F17E1AF2B0}"
EndProject
Project("{2150E333-8FDC-42A3-9474-1A3956D46DE8}") = "PerthPi-Html5", "PerthPi-Html5", "{90A65EC1-0FF8-41E4-9945-9F2A9AA37995}"
	ProjectSection(SolutionItems) = preProject
		..\PerthPi-Html5\index.htm = ..\PerthPi-Html5\index.htm
	EndProjectSection
EndProject
Project("{2150E333-8FDC-42A3-9474-1A3956D46DE8}") = "css", "css", "{4CC50766-F496-410E-887B-A7D25083C390}"
	ProjectSection(SolutionItems) = preProject
		..\PerthPi-Html5\css\tolito-1.0.4.css = ..\PerthPi-Html5\css\tolito-1.0.4.css
	EndProjectSection
EndProject
Project("{2150E333-8FDC-42A3-9474-1A3956D46DE8}") = "js", "js", "{8BFBF0F5-944C-4A47-9AD5-9BDCA150FB48}"
	ProjectSection(SolutionItems) = preProject
		..\PerthPi-Html5\js\jqm.autocomplete-jsonp-1.5.1.js = ..\PerthPi-Html5\js\jqm.autocomplete-jsonp-1.5.1.js
		..\PerthPi-Html5\js\mustache.js = ..\PerthPi-Html5\js\mustache.js
		..\PerthPi-Html5\js\tolito-1.0.4.js = ..\PerthPi-Html5\js\tolito-1.0.4.js
	EndProjectSection
EndProject
Project("{2150E333-8FDC-42A3-9474-1A3956D46DE8}") = "images", "images", "{0590FC7E-E25A-4690-92AB-B448C6E599EA}"
	ProjectSection(SolutionItems) = preProject
		..\PerthPi-Html5\images\indefinite-bg.gif = ..\PerthPi-Html5\images\indefinite-bg.gif
	EndProjectSection
EndProject
Global
	GlobalSection(SolutionConfigurationPlatforms) = preSolution
		Debug|Any CPU = Debug|Any CPU
		Release|Any CPU = Release|Any CPU
	EndGlobalSection
	GlobalSection(ProjectConfigurationPlatforms) = postSolution
		{95BBF098-A4DC-46B0-A8C3-01F17E1AF2B0}.Debug|Any CPU.ActiveCfg = Debug|Any CPU
		{95BBF098-A4DC-46B0-A8C3-01F17E1AF2B0}.Debug|Any CPU.Build.0 = Debug|Any CPU
		{95BBF098-A4DC-46B0-A8C3-01F17E1AF2B0}.Release|Any CPU.ActiveCfg = Release|Any CPU
		{95BBF098-A4DC-46B0-A8C3-01F17E1AF2B0}.Release|Any CPU.Build.0 = Release|Any CPU
	EndGlobalSection
	GlobalSection(SolutionProperties) = preSolution
		HideSolutionNode = FALSE
	EndGlobalSection
	GlobalSection(NestedProjects) = preSolution
		{4CC50766-F496-410E-887B-A7D25083C390} = {90A65EC1-0FF8-41E4-9945-9F2A9AA37995}
		{8BFBF0F5-944C-4A47-9AD5-9BDCA150FB48} = {90A65EC1-0FF8-41E4-9945-9F2A9AA37995}
		{0590FC7E-E25A-4690-92AB-B448C6E599EA} = {90A65EC1-0FF8-41E4-9945-9F2A9AA37995}
	EndGlobalSection
EndGlobal
