
Microsoft Visual Studio Solution File, Format Version 12.00
# Visual Studio Express 2012 for Web
Project("{FAE04EC0-301F-11D3-BF4B-00C04F79EFBC}") = "TnuBaseApp", "TnuBaseApp\TnuBaseApp.csproj", "{95BBF098-A4DC-46B0-A8C3-01F17E1AF2B0}"
EndProject
Project("{2150E333-8FDC-42A3-9474-1A3956D46DE8}") = "PerthPi_Html5", "PerthPi_Html5", "{3D4749DF-6287-4BE6-9605-FA389FDD2D16}"
	ProjectSection(SolutionItems) = preProject
		..\power-interrupt-html5\index.htm = ..\power-interrupt-html5\index.htm
	EndProjectSection
EndProject
Project("{2150E333-8FDC-42A3-9474-1A3956D46DE8}") = "css", "css", "{1797D48F-6809-4F0F-9D4B-9EBAC9BC1E55}"
	ProjectSection(SolutionItems) = preProject
		..\power-interrupt-html5\css\tolito-1.0.4.css = ..\power-interrupt-html5\css\tolito-1.0.4.css
	EndProjectSection
EndProject
Project("{2150E333-8FDC-42A3-9474-1A3956D46DE8}") = "js", "js", "{C2A7B6C9-8126-4845-A3A6-79322CEDB6E4}"
	ProjectSection(SolutionItems) = preProject
		..\power-interrupt-html5\js\mustache.js = ..\power-interrupt-html5\js\mustache.js
		..\power-interrupt-html5\js\tolito-1.0.4.js = ..\power-interrupt-html5\js\tolito-1.0.4.js
	EndProjectSection
EndProject
Project("{2150E333-8FDC-42A3-9474-1A3956D46DE8}") = "images", "images", "{2B4F5072-53E7-4A17-99D6-4EA6F8C05187}"
	ProjectSection(SolutionItems) = preProject
		..\power-interrupt-html5\images\indefinite-bg.gif = ..\power-interrupt-html5\images\indefinite-bg.gif
	EndProjectSection
EndProject
Global
	GlobalSection(SolutionConfigurationPlatforms) = preSolution
		Debug|Any CPU = Debug|Any CPU
		Release|Any CPU = Release|Any CPU
	EndGlobalSection
	GlobalSection(ProjectConfigurationPlatforms) = postSolution
		{95BBF098-A4DC-46B0-A8C3-01F17E1AF2B0}.Debug|Any CPU.ActiveCfg = Debug|Any CPU
		{95BBF098-A4DC-46B0-A8C3-01F17E1AF2B0}.Debug|Any CPU.Build.0 = Debug|Any CPU
		{95BBF098-A4DC-46B0-A8C3-01F17E1AF2B0}.Release|Any CPU.ActiveCfg = Release|Any CPU
		{95BBF098-A4DC-46B0-A8C3-01F17E1AF2B0}.Release|Any CPU.Build.0 = Release|Any CPU
	EndGlobalSection
	GlobalSection(SolutionProperties) = preSolution
		HideSolutionNode = FALSE
	EndGlobalSection
	GlobalSection(NestedProjects) = preSolution
		{1797D48F-6809-4F0F-9D4B-9EBAC9BC1E55} = {3D4749DF-6287-4BE6-9605-FA389FDD2D16}
		{C2A7B6C9-8126-4845-A3A6-79322CEDB6E4} = {3D4749DF-6287-4BE6-9605-FA389FDD2D16}
		{2B4F5072-53E7-4A17-99D6-4EA6F8C05187} = {3D4749DF-6287-4BE6-9605-FA389FDD2D16}
	EndGlobalSection
EndGlobal
